
Microsoft Visual Studio Solution File, Format Version 12.00
# Visual Studio 15
VisualStudioVersion = 15.0.28307.271
MinimumVisualStudioVersion = 10.0.40219.1
Project("{8BC9CEB8-8B4A-11D0-8D11-00A0C91BC942}") = "BenchmarkingMethods", "BenchmarkingMethods\BenchmarkingMethods.vcxproj", "{1EBFDEB7-3180-4894-9CE1-69CFC8400969}"
EndProject
Project("{8BC9CEB8-8B4A-11D0-8D11-00A0C91BC942}") = "BenchmarkingMethodsTest", "BenchmarkingMethodsTest\BenchmarkingMethodsTest.vcxproj", "{C1BC8F29-8E32-4E74-95E1-3C70ACE067FF}"
EndProject
Project("{FAE04EC0-301F-11D3-BF4B-00C04F79EFBC}") = "BenchmarkingLibrary", "BenchmarkingLibrary\BenchmarkingLibrary.csproj", "{4DC4C731-0C41-4968-838A-DDAF5D4BAABE}"
EndProject
Project("{FAE04EC0-301F-11D3-BF4B-00C04F79EFBC}") = "SimpleBenchmarkConsole", "SimpleBenchmarkConsole\SimpleBenchmarkConsole.csproj", "{60BC60FB-7521-49A6-90B2-FE1777B221F5}"
EndProject
Global
	GlobalSection(SolutionConfigurationPlatforms) = preSolution
		Debug|Any CPU = Debug|Any CPU
		Debug|x64 = Debug|x64
		Debug|x86 = Debug|x86
		Release|Any CPU = Release|Any CPU
		Release|x64 = Release|x64
		Release|x86 = Release|x86
	EndGlobalSection
	GlobalSection(ProjectConfigurationPlatforms) = postSolution
		{1EBFDEB7-3180-4894-9CE1-69CFC8400969}.Debug|Any CPU.ActiveCfg = Debug|Win32
		{1EBFDEB7-3180-4894-9CE1-69CFC8400969}.Debug|x64.ActiveCfg = Debug|x64
		{1EBFDEB7-3180-4894-9CE1-69CFC8400969}.Debug|x64.Build.0 = Debug|x64
		{1EBFDEB7-3180-4894-9CE1-69CFC8400969}.Debug|x86.ActiveCfg = Debug|Win32
		{1EBFDEB7-3180-4894-9CE1-69CFC8400969}.Debug|x86.Build.0 = Debug|Win32
		{1EBFDEB7-3180-4894-9CE1-69CFC8400969}.Release|Any CPU.ActiveCfg = Release|Win32
		{1EBFDEB7-3180-4894-9CE1-69CFC8400969}.Release|x64.ActiveCfg = Release|x64
		{1EBFDEB7-3180-4894-9CE1-69CFC8400969}.Release|x64.Build.0 = Release|x64
		{1EBFDEB7-3180-4894-9CE1-69CFC8400969}.Release|x86.ActiveCfg = Release|Win32
		{1EBFDEB7-3180-4894-9CE1-69CFC8400969}.Release|x86.Build.0 = Release|Win32
		{C1BC8F29-8E32-4E74-95E1-3C70ACE067FF}.Debug|Any CPU.ActiveCfg = Debug|Win32
		{C1BC8F29-8E32-4E74-95E1-3C70ACE067FF}.Debug|x64.ActiveCfg = Debug|x64
		{C1BC8F29-8E32-4E74-95E1-3C70ACE067FF}.Debug|x64.Build.0 = Debug|x64
		{C1BC8F29-8E32-4E74-95E1-3C70ACE067FF}.Debug|x86.ActiveCfg = Debug|Win32
		{C1BC8F29-8E32-4E74-95E1-3C70ACE067FF}.Debug|x86.Build.0 = Debug|Win32
		{C1BC8F29-8E32-4E74-95E1-3C70ACE067FF}.Release|Any CPU.ActiveCfg = Release|Win32
		{C1BC8F29-8E32-4E74-95E1-3C70ACE067FF}.Release|x64.ActiveCfg = Release|x64
		{C1BC8F29-8E32-4E74-95E1-3C70ACE067FF}.Release|x64.Build.0 = Release|x64
		{C1BC8F29-8E32-4E74-95E1-3C70ACE067FF}.Release|x86.ActiveCfg = Release|Win32
		{C1BC8F29-8E32-4E74-95E1-3C70ACE067FF}.Release|x86.Build.0 = Release|Win32
		{4DC4C731-0C41-4968-838A-DDAF5D4BAABE}.Debug|Any CPU.ActiveCfg = Debug|Any CPU
		{4DC4C731-0C41-4968-838A-DDAF5D4BAABE}.Debug|Any CPU.Build.0 = Debug|Any CPU
		{4DC4C731-0C41-4968-838A-DDAF5D4BAABE}.Debug|x64.ActiveCfg = Debug|Any CPU
		{4DC4C731-0C41-4968-838A-DDAF5D4BAABE}.Debug|x64.Build.0 = Debug|Any CPU
		{4DC4C731-0C41-4968-838A-DDAF5D4BAABE}.Debug|x86.ActiveCfg = Debug|Any CPU
		{4DC4C731-0C41-4968-838A-DDAF5D4BAABE}.Debug|x86.Build.0 = Debug|Any CPU
		{4DC4C731-0C41-4968-838A-DDAF5D4BAABE}.Release|Any CPU.ActiveCfg = Release|Any CPU
		{4DC4C731-0C41-4968-838A-DDAF5D4BAABE}.Release|Any CPU.Build.0 = Release|Any CPU
		{4DC4C731-0C41-4968-838A-DDAF5D4BAABE}.Release|x64.ActiveCfg = Release|Any CPU
		{4DC4C731-0C41-4968-838A-DDAF5D4BAABE}.Release|x64.Build.0 = Release|Any CPU
		{4DC4C731-0C41-4968-838A-DDAF5D4BAABE}.Release|x86.ActiveCfg = Release|Any CPU
		{4DC4C731-0C41-4968-838A-DDAF5D4BAABE}.Release|x86.Build.0 = Release|Any CPU
		{60BC60FB-7521-49A6-90B2-FE1777B221F5}.Debug|Any CPU.ActiveCfg = Debug|Any CPU
		{60BC60FB-7521-49A6-90B2-FE1777B221F5}.Debug|Any CPU.Build.0 = Debug|Any CPU
		{60BC60FB-7521-49A6-90B2-FE1777B221F5}.Debug|x64.ActiveCfg = Debug|Any CPU
		{60BC60FB-7521-49A6-90B2-FE1777B221F5}.Debug|x64.Build.0 = Debug|Any CPU
		{60BC60FB-7521-49A6-90B2-FE1777B221F5}.Debug|x86.ActiveCfg = Debug|Any CPU
		{60BC60FB-7521-49A6-90B2-FE1777B221F5}.Debug|x86.Build.0 = Debug|Any CPU
		{60BC60FB-7521-49A6-90B2-FE1777B221F5}.Release|Any CPU.ActiveCfg = Release|Any CPU
		{60BC60FB-7521-49A6-90B2-FE1777B221F5}.Release|Any CPU.Build.0 = Release|Any CPU
		{60BC60FB-7521-49A6-90B2-FE1777B221F5}.Release|x64.ActiveCfg = Release|Any CPU
		{60BC60FB-7521-49A6-90B2-FE1777B221F5}.Release|x64.Build.0 = Release|Any CPU
		{60BC60FB-7521-49A6-90B2-FE1777B221F5}.Release|x86.ActiveCfg = Release|Any CPU
		{60BC60FB-7521-49A6-90B2-FE1777B221F5}.Release|x86.Build.0 = Release|Any CPU
	EndGlobalSection
	GlobalSection(SolutionProperties) = preSolution
		HideSolutionNode = FALSE
	EndGlobalSection
	GlobalSection(ExtensibilityGlobals) = postSolution
		SolutionGuid = {6CA5D517-37E9-44BE-A581-87CEA6BEE19B}
	EndGlobalSection
EndGlobal
